
Microsoft Visual Studio Solution File, Format Version 12.00
# Visual Studio 15
VisualStudioVersion = 15.0.27130.2010
MinimumVisualStudioVersion = 10.0.40219.1
Project("{FAE04EC0-301F-11D3-BF4B-00C04F79EFBC}") = "SampleApi", "SampleApi\SampleApi.csproj", "{711DE02E-3257-47F3-A6FF-BEA0037F9175}"
EndProject
Global
	GlobalSection(SolutionConfigurationPlatforms) = preSolution
		Debug|Any CPU = Debug|Any CPU
		Release|Any CPU = Release|Any CPU
	EndGlobalSection
	GlobalSection(ProjectConfigurationPlatforms) = postSolution
		{711DE02E-3257-47F3-A6FF-BEA0037F9175}.Debug|Any CPU.ActiveCfg = Debug|Any CPU
		{711DE02E-3257-47F3-A6FF-BEA0037F9175}.Debug|Any CPU.Build.0 = Debug|Any CPU
		{711DE02E-3257-47F3-A6FF-BEA0037F9175}.Release|Any CPU.ActiveCfg = Release|Any CPU
		{711DE02E-3257-47F3-A6FF-BEA0037F9175}.Release|Any CPU.Build.0 = Release|Any CPU
	EndGlobalSection
	GlobalSection(SolutionProperties) = preSolution
		HideSolutionNode = FALSE
	EndGlobalSection
	GlobalSection(ExtensibilityGlobals) = postSolution
		SolutionGuid = {EC2B7A2D-8D97-42F5-8AC4-0153AE3E3727}
	EndGlobalSection
EndGlobal
